
Microsoft Visual Studio Solution File, Format Version 12.00
# Visual Studio Version 17
VisualStudioVersion = 17.14.36623.8
MinimumVisualStudioVersion = 10.0.40219.1
Project("{FAE04EC0-301F-11D3-BF4B-00C04F79EFBC}") = "Travel.API", "Travel.API\Travel.API.csproj", "{1B66CE6F-AAF1-425A-8DEE-CED8D82EBF06}"
EndProject
Project("{FAE04EC0-301F-11D3-BF4B-00C04F79EFBC}") = "TravelPortal.Models", "TravelPortal.Models\TravelPortal.Models.csproj", "{B93553BC-474D-481C-8A68-53756739B3F0}"
EndProject
Project("{FAE04EC0-301F-11D3-BF4B-00C04F79EFBC}") = "TravelPortal.Services", "TravelPortal.Services\TravelPortal.Services.csproj", "{9DF9F0DC-AF21-4E13-A652-F4BD971A49D3}"
EndProject
Project("{FAE04EC0-301F-11D3-BF4B-00C04F79EFBC}") = "TravelPortal.Supplier", "TravelPortal.Supplier\TravelPortal.Supplier.csproj", "{0138564C-9B73-425C-8C10-84AC37E08674}"
EndProject
Project("{FAE04EC0-301F-11D3-BF4B-00C04F79EFBC}") = "TravelPortal.EDMX", "TravelPortal.EDMX\TravelPortal.EDMX.csproj", "{AE8BE105-3DD9-4136-8602-139F08F3DBA3}"
EndProject
Project("{FAE04EC0-301F-11D3-BF4B-00C04F79EFBC}") = "TravelPortal.web", "TravelPortal.web\TravelPortal.web.csproj", "{72DC4AB3-7594-45EF-9DBF-32E05A0933CB}"
EndProject
Project("{FAE04EC0-301F-11D3-BF4B-00C04F79EFBC}") = "Travel.API.Data", "Travel.API.Data\Travel.API.Data.csproj", "{09DBCBD9-6C53-4224-AE9F-57CEA7F562D9}"
EndProject
Global
	GlobalSection(SolutionConfigurationPlatforms) = preSolution
		Debug|Any CPU = Debug|Any CPU
		Release|Any CPU = Release|Any CPU
	EndGlobalSection
	GlobalSection(ProjectConfigurationPlatforms) = postSolution
		{1B66CE6F-AAF1-425A-8DEE-CED8D82EBF06}.Debug|Any CPU.ActiveCfg = Debug|Any CPU
		{1B66CE6F-AAF1-425A-8DEE-CED8D82EBF06}.Debug|Any CPU.Build.0 = Debug|Any CPU
		{1B66CE6F-AAF1-425A-8DEE-CED8D82EBF06}.Release|Any CPU.ActiveCfg = Release|Any CPU
		{1B66CE6F-AAF1-425A-8DEE-CED8D82EBF06}.Release|Any CPU.Build.0 = Release|Any CPU
		{B93553BC-474D-481C-8A68-53756739B3F0}.Debug|Any CPU.ActiveCfg = Debug|Any CPU
		{B93553BC-474D-481C-8A68-53756739B3F0}.Debug|Any CPU.Build.0 = Debug|Any CPU
		{B93553BC-474D-481C-8A68-53756739B3F0}.Release|Any CPU.ActiveCfg = Release|Any CPU
		{B93553BC-474D-481C-8A68-53756739B3F0}.Release|Any CPU.Build.0 = Release|Any CPU
		{9DF9F0DC-AF21-4E13-A652-F4BD971A49D3}.Debug|Any CPU.ActiveCfg = Debug|Any CPU
		{9DF9F0DC-AF21-4E13-A652-F4BD971A49D3}.Debug|Any CPU.Build.0 = Debug|Any CPU
		{9DF9F0DC-AF21-4E13-A652-F4BD971A49D3}.Release|Any CPU.ActiveCfg = Release|Any CPU
		{9DF9F0DC-AF21-4E13-A652-F4BD971A49D3}.Release|Any CPU.Build.0 = Release|Any CPU
		{0138564C-9B73-425C-8C10-84AC37E08674}.Debug|Any CPU.ActiveCfg = Debug|Any CPU
		{0138564C-9B73-425C-8C10-84AC37E08674}.Debug|Any CPU.Build.0 = Debug|Any CPU
		{0138564C-9B73-425C-8C10-84AC37E08674}.Release|Any CPU.ActiveCfg = Release|Any CPU
		{0138564C-9B73-425C-8C10-84AC37E08674}.Release|Any CPU.Build.0 = Release|Any CPU
		{AE8BE105-3DD9-4136-8602-139F08F3DBA3}.Debug|Any CPU.ActiveCfg = Debug|Any CPU
		{AE8BE105-3DD9-4136-8602-139F08F3DBA3}.Debug|Any CPU.Build.0 = Debug|Any CPU
		{AE8BE105-3DD9-4136-8602-139F08F3DBA3}.Release|Any CPU.ActiveCfg = Release|Any CPU
		{AE8BE105-3DD9-4136-8602-139F08F3DBA3}.Release|Any CPU.Build.0 = Release|Any CPU
		{72DC4AB3-7594-45EF-9DBF-32E05A0933CB}.Debug|Any CPU.ActiveCfg = Debug|Any CPU
		{72DC4AB3-7594-45EF-9DBF-32E05A0933CB}.Debug|Any CPU.Build.0 = Debug|Any CPU
		{72DC4AB3-7594-45EF-9DBF-32E05A0933CB}.Release|Any CPU.ActiveCfg = Release|Any CPU
		{72DC4AB3-7594-45EF-9DBF-32E05A0933CB}.Release|Any CPU.Build.0 = Release|Any CPU
		{09DBCBD9-6C53-4224-AE9F-57CEA7F562D9}.Debug|Any CPU.ActiveCfg = Debug|Any CPU
		{09DBCBD9-6C53-4224-AE9F-57CEA7F562D9}.Debug|Any CPU.Build.0 = Debug|Any CPU
		{09DBCBD9-6C53-4224-AE9F-57CEA7F562D9}.Release|Any CPU.ActiveCfg = Release|Any CPU
		{09DBCBD9-6C53-4224-AE9F-57CEA7F562D9}.Release|Any CPU.Build.0 = Release|Any CPU
	EndGlobalSection
	GlobalSection(SolutionProperties) = preSolution
		HideSolutionNode = FALSE
	EndGlobalSection
	GlobalSection(ExtensibilityGlobals) = postSolution
		SolutionGuid = {5F84526C-892F-4B6A-B9FE-8A0B0AA60B66}
	EndGlobalSection
EndGlobal
